Microsoft Visual Studio Solution File, Format Version 12.00
# Visual Studio Version 17
VisualStudioVersion = 17.5.2.0
MinimumVisualStudioVersion = 10.0.40219.1
Project("{2150E333-8FDC-42A3-9474-1A3956D46DE8}") = "windows", "windows", "{AF50D07C-CBCD-524F-DB50-1B7C7AC32620}"
EndProject
Project("{FAE04EC0-301F-11D3-BF4B-00C04F79EFBC}") = "ShizukuActivator", "windows\ShizukuActivator\ShizukuActivator.csproj", "{A9499C48-020A-5764-20FC-A3563A184443}"
EndProject
Global
	GlobalSection(SolutionConfigurationPlatforms) = preSolution
		Debug|Any CPU = Debug|Any CPU
		Release|Any CPU = Release|Any CPU
	EndGlobalSection
	GlobalSection(ProjectConfigurationPlatforms) = postSolution
		{A9499C48-020A-5764-20FC-A3563A184443}.Debug|Any CPU.ActiveCfg = Debug|Any CPU
		{A9499C48-020A-5764-20FC-A3563A184443}.Debug|Any CPU.Build.0 = Debug|Any CPU
		{A9499C48-020A-5764-20FC-A3563A184443}.Release|Any CPU.ActiveCfg = Release|Any CPU
		{A9499C48-020A-5764-20FC-A3563A184443}.Release|Any CPU.Build.0 = Release|Any CPU
	EndGlobalSection
	GlobalSection(SolutionProperties) = preSolution
		HideSolutionNode = FALSE
	EndGlobalSection
	GlobalSection(NestedProjects) = preSolution
		{A9499C48-020A-5764-20FC-A3563A184443} = {AF50D07C-CBCD-524F-DB50-1B7C7AC32620}
	EndGlobalSection
	GlobalSection(ExtensibilityGlobals) = postSolution
		SolutionGuid = {B936E3F6-779F-4DAA-85FF-AD064CDEFBE9}
	EndGlobalSection
EndGlobal
